
Microsoft Visual Studio Solution File, Format Version 12.00
# Visual Studio 14
VisualStudioVersion = 14.0.24720.0
MinimumVisualStudioVersion = 10.0.40219.1
Project("{FAE04EC0-301F-11D3-BF4B-00C04F79EFBC}") = "managedwifi_test", "managedwifi_test\managedwifi_test.csproj", "{42EF7BDD-59BC-4BD1-8586-BFC5A0BCCC0E}"
EndProject
Project("{FAE04EC0-301F-11D3-BF4B-00C04F79EFBC}") = "LogUtil", "LogUtil\LogUtil.csproj", "{3EF65C1B-61B2-444B-8D23-D384049E0303}"
EndProject
Global
	GlobalSection(SolutionConfigurationPlatforms) = preSolution
		Debug|Any CPU = Debug|Any CPU
		Release|Any CPU = Release|Any CPU
	EndGlobalSection
	GlobalSection(ProjectConfigurationPlatforms) = postSolution
		{42EF7BDD-59BC-4BD1-8586-BFC5A0BCCC0E}.Debug|Any CPU.ActiveCfg = Debug|Any CPU
		{42EF7BDD-59BC-4BD1-8586-BFC5A0BCCC0E}.Debug|Any CPU.Build.0 = Debug|Any CPU
		{42EF7BDD-59BC-4BD1-8586-BFC5A0BCCC0E}.Release|Any CPU.ActiveCfg = Release|Any CPU
		{42EF7BDD-59BC-4BD1-8586-BFC5A0BCCC0E}.Release|Any CPU.Build.0 = Release|Any CPU
		{3EF65C1B-61B2-444B-8D23-D384049E0303}.Debug|Any CPU.ActiveCfg = Debug|Any CPU
		{3EF65C1B-61B2-444B-8D23-D384049E0303}.Debug|Any CPU.Build.0 = Debug|Any CPU
		{3EF65C1B-61B2-444B-8D23-D384049E0303}.Release|Any CPU.ActiveCfg = Release|Any CPU
		{3EF65C1B-61B2-444B-8D23-D384049E0303}.Release|Any CPU.Build.0 = Release|Any CPU
	EndGlobalSection
	GlobalSection(SolutionProperties) = preSolution
		HideSolutionNode = FALSE
	EndGlobalSection
EndGlobal
